
Microsoft Visual Studio Solution File, Format Version 12.00
# Visual Studio Version 17
VisualStudioVersion = 17.3.32901.215
MinimumVisualStudioVersion = 10.0.40219.1
Project("{FAE04EC0-301F-11D3-BF4B-00C04F79EFBC}") = "WebShopAAA", "WebShopAAA\WebShopAAA.csproj", "{91614D9F-AEC5-4599-BA4B-1DE322E0245D}"
EndProject
Global
	GlobalSection(SolutionConfigurationPlatforms) = preSolution
		Debug|Any CPU = Debug|Any CPU
		Release|Any CPU = Release|Any CPU
	EndGlobalSection
	GlobalSection(ProjectConfigurationPlatforms) = postSolution
		{91614D9F-AEC5-4599-BA4B-1DE322E0245D}.Debug|Any CPU.ActiveCfg = Debug|Any CPU
		{91614D9F-AEC5-4599-BA4B-1DE322E0245D}.Debug|Any CPU.Build.0 = Debug|Any CPU
		{91614D9F-AEC5-4599-BA4B-1DE322E0245D}.Release|Any CPU.ActiveCfg = Release|Any CPU
		{91614D9F-AEC5-4599-BA4B-1DE322E0245D}.Release|Any CPU.Build.0 = Release|Any CPU
	EndGlobalSection
	GlobalSection(SolutionProperties) = preSolution
		HideSolutionNode = FALSE
	EndGlobalSection
	GlobalSection(ExtensibilityGlobals) = postSolution
		SolutionGuid = {09907924-A15A-4035-8B88-5D8FECD99348}
	EndGlobalSection
EndGlobal
